
Microsoft Visual Studio Solution File, Format Version 12.00
# Visual Studio 15
VisualStudioVersion = 15.0.28307.572
MinimumVisualStudioVersion = 10.0.40219.1
Project("{FAE04EC0-301F-11D3-BF4B-00C04F79EFBC}") = "ARDrone2-Controller", "ARDrone2-Controller\ARDrone2-Controller.csproj", "{B250828B-C95F-418B-B5EC-365627BCCBB4}"
EndProject
Project("{FAE04EC0-301F-11D3-BF4B-00C04F79EFBC}") = "WARD-UnitTesting", "WARD-UnitTesting\WARD-UnitTesting.csproj", "{C2017C0F-BCC0-49DE-B4D8-FFCD2E54D760}"
EndProject
Global
	GlobalSection(SolutionConfigurationPlatforms) = preSolution
		Debug|Any CPU = Debug|Any CPU
		Release|Any CPU = Release|Any CPU
	EndGlobalSection
	GlobalSection(ProjectConfigurationPlatforms) = postSolution
		{B250828B-C95F-418B-B5EC-365627BCCBB4}.Debug|Any CPU.ActiveCfg = Debug|Any CPU
		{B250828B-C95F-418B-B5EC-365627BCCBB4}.Debug|Any CPU.Build.0 = Debug|Any CPU
		{B250828B-C95F-418B-B5EC-365627BCCBB4}.Release|Any CPU.ActiveCfg = Release|Any CPU
		{B250828B-C95F-418B-B5EC-365627BCCBB4}.Release|Any CPU.Build.0 = Release|Any CPU
		{C2017C0F-BCC0-49DE-B4D8-FFCD2E54D760}.Debug|Any CPU.ActiveCfg = Debug|Any CPU
		{C2017C0F-BCC0-49DE-B4D8-FFCD2E54D760}.Debug|Any CPU.Build.0 = Debug|Any CPU
		{C2017C0F-BCC0-49DE-B4D8-FFCD2E54D760}.Release|Any CPU.ActiveCfg = Release|Any CPU
		{C2017C0F-BCC0-49DE-B4D8-FFCD2E54D760}.Release|Any CPU.Build.0 = Release|Any CPU
	EndGlobalSection
	GlobalSection(SolutionProperties) = preSolution
		HideSolutionNode = FALSE
	EndGlobalSection
	GlobalSection(ExtensibilityGlobals) = postSolution
		SolutionGuid = {73EDA65A-1A44-478D-BC70-E00D30C5F831}
	EndGlobalSection
EndGlobal
